
Microsoft Visual Studio Solution File, Format Version 12.00
# Visual Studio Version 17
VisualStudioVersion = 17.5.33424.131
MinimumVisualStudioVersion = 10.0.40219.1
Project("{9A19103F-16F7-4668-BE54-9A1E7A4F7556}") = "API", "API\API.csproj", "{4A4634DB-494F-4336-AC30-06A826BE3A49}"
EndProject
Project("{9A19103F-16F7-4668-BE54-9A1E7A4F7556}") = "Application", "Application\Application.csproj", "{9BA8D68A-7C71-449D-8071-7A39AA11E76B}"
EndProject
Project("{9A19103F-16F7-4668-BE54-9A1E7A4F7556}") = "Domain", "Domain\Domain.csproj", "{60F79743-BE22-4E2E-A553-8E599A0BFEED}"
EndProject
Project("{9A19103F-16F7-4668-BE54-9A1E7A4F7556}") = "Persistence", "Persistence\Persistence.csproj", "{DFB35E7D-7C0D-4A01-AA28-EFE3AFE5A7E9}"
EndProject
Global
	GlobalSection(SolutionConfigurationPlatforms) = preSolution
		Debug|Any CPU = Debug|Any CPU
		Release|Any CPU = Release|Any CPU
	EndGlobalSection
	GlobalSection(ProjectConfigurationPlatforms) = postSolution
		{4A4634DB-494F-4336-AC30-06A826BE3A49}.Debug|Any CPU.ActiveCfg = Debug|Any CPU
		{4A4634DB-494F-4336-AC30-06A826BE3A49}.Debug|Any CPU.Build.0 = Debug|Any CPU
		{4A4634DB-494F-4336-AC30-06A826BE3A49}.Release|Any CPU.ActiveCfg = Release|Any CPU
		{4A4634DB-494F-4336-AC30-06A826BE3A49}.Release|Any CPU.Build.0 = Release|Any CPU
		{9BA8D68A-7C71-449D-8071-7A39AA11E76B}.Debug|Any CPU.ActiveCfg = Debug|Any CPU
		{9BA8D68A-7C71-449D-8071-7A39AA11E76B}.Debug|Any CPU.Build.0 = Debug|Any CPU
		{9BA8D68A-7C71-449D-8071-7A39AA11E76B}.Release|Any CPU.ActiveCfg = Release|Any CPU
		{9BA8D68A-7C71-449D-8071-7A39AA11E76B}.Release|Any CPU.Build.0 = Release|Any CPU
		{60F79743-BE22-4E2E-A553-8E599A0BFEED}.Debug|Any CPU.ActiveCfg = Debug|Any CPU
		{60F79743-BE22-4E2E-A553-8E599A0BFEED}.Debug|Any CPU.Build.0 = Debug|Any CPU
		{60F79743-BE22-4E2E-A553-8E599A0BFEED}.Release|Any CPU.ActiveCfg = Release|Any CPU
		{60F79743-BE22-4E2E-A553-8E599A0BFEED}.Release|Any CPU.Build.0 = Release|Any CPU
		{DFB35E7D-7C0D-4A01-AA28-EFE3AFE5A7E9}.Debug|Any CPU.ActiveCfg = Debug|Any CPU
		{DFB35E7D-7C0D-4A01-AA28-EFE3AFE5A7E9}.Debug|Any CPU.Build.0 = Debug|Any CPU
		{DFB35E7D-7C0D-4A01-AA28-EFE3AFE5A7E9}.Release|Any CPU.ActiveCfg = Release|Any CPU
		{DFB35E7D-7C0D-4A01-AA28-EFE3AFE5A7E9}.Release|Any CPU.Build.0 = Release|Any CPU
	EndGlobalSection
	GlobalSection(SolutionProperties) = preSolution
		HideSolutionNode = FALSE
	EndGlobalSection
	GlobalSection(ExtensibilityGlobals) = postSolution
		SolutionGuid = {5DE04D8E-4B14-4BB7-B7BC-E791EC7594FF}
	EndGlobalSection
EndGlobal
